
Microsoft Visual Studio Solution File, Format Version 12.00
# Visual Studio 15
VisualStudioVersion = 15.0.28307.1758
MinimumVisualStudioVersion = 10.0.40219.1
Project("{F184B08F-C81C-45F6-A57F-5ABD9991F28F}") = "Button", "Button\Button.vbproj", "{9ABAD4CA-2785-4F42-9A05-C6B428869A8A}"
EndProject
Global
	GlobalSection(SolutionConfigurationPlatforms) = preSolution
		Debug|Any CPU = Debug|Any CPU
		Release|Any CPU = Release|Any CPU
	EndGlobalSection
	GlobalSection(ProjectConfigurationPlatforms) = postSolution
		{9ABAD4CA-2785-4F42-9A05-C6B428869A8A}.Debug|Any CPU.ActiveCfg = Debug|Any CPU
		{9ABAD4CA-2785-4F42-9A05-C6B428869A8A}.Debug|Any CPU.Build.0 = Debug|Any CPU
		{9ABAD4CA-2785-4F42-9A05-C6B428869A8A}.Release|Any CPU.ActiveCfg = Release|Any CPU
		{9ABAD4CA-2785-4F42-9A05-C6B428869A8A}.Release|Any CPU.Build.0 = Release|Any CPU
	EndGlobalSection
	GlobalSection(SolutionProperties) = preSolution
		HideSolutionNode = FALSE
	EndGlobalSection
	GlobalSection(ExtensibilityGlobals) = postSolution
		SolutionGuid = {5DD4903F-DBD8-40BB-B766-E5A0ECFA2A07}
	EndGlobalSection
EndGlobal
